// !$*UTF8*$!
{
	archiveVersion = 1;
	classes = {
	};
	objectVersion = 48;
	objects = {

/* Begin PBXBuildFile section */
		210063CB1FBBDEE1006001B8 /* NYT.json in Resources */ = {isa = PBXBuildFile; fileRef = 210063CA1FBBDEE1006001B8 /* NYT.json */; };
		210063CE1FBBE226006001B8 /* TopStoriesDataSource.swift in Sources */ = {isa = PBXBuildFile; fileRef = 210063CD1FBBE226006001B8 /* TopStoriesDataSource.swift */; };
		2170E8BB1FBC39400043A4F9 /* ConcurrentOperation.swift in Sources */ = {isa = PBXBuildFile; fileRef = 2170E8B81FBC39400043A4F9 /* ConcurrentOperation.swift */; };
		2170E8BC1FBC39400043A4F9 /* ImageCache.swift in Sources */ = {isa = PBXBuildFile; fileRef = 2170E8B91FBC39400043A4F9 /* ImageCache.swift */; };
		2170E8BD1FBC39400043A4F9 /* ImageDownloader.swift in Sources */ = {isa = PBXBuildFile; fileRef = 2170E8BA1FBC39400043A4F9 /* ImageDownloader.swift */; };
		2170E8BF1FBC43600043A4F9 /* TopStoriesOperation.swift in Sources */ = {isa = PBXBuildFile; fileRef = 2170E8BE1FBC43600043A4F9 /* TopStoriesOperation.swift */; };
		2170E8C21FBC55780043A4F9 /* CollectionViewCell.swift in Sources */ = {isa = PBXBuildFile; fileRef = 2170E8C01FBC55780043A4F9 /* CollectionViewCell.swift */; };
		217772351FBB9E9A000BDCCE /* AppDelegate.swift in Sources */ = {isa = PBXBuildFile; fileRef = 217772341FBB9E9A000BDCCE /* AppDelegate.swift */; };
		217772371FBB9E9A000BDCCE /* ViewController.swift in Sources */ = {isa = PBXBuildFile; fileRef = 217772361FBB9E9A000BDCCE /* ViewController.swift */; };
		2177723A1FBB9E9A000BDCCE /* Main.storyboard in Resources */ = {isa = PBXBuildFile; fileRef = 217772381FBB9E9A000BDCCE /* Main.storyboard */; };
		2177723C1FBB9E9A000BDCCE /* Assets.xcassets in Resources */ = {isa = PBXBuildFile; fileRef = 2177723B1FBB9E9A000BDCCE /* Assets.xcassets */; };
		2177724A1FBB9E9A000BDCCE /* NYTimesTopStoriesTests.swift in Sources */ = {isa = PBXBuildFile; fileRef = 217772491FBB9E9A000BDCCE /* NYTimesTopStoriesTests.swift */; };
		217772551FBB9FA7000BDCCE /* Story.swift in Sources */ = {isa = PBXBuildFile; fileRef = 217772541FBB9FA7000BDCCE /* Story.swift */; };
		42932543B722F4A37A76C65C /* Pods_NYTimesTopStoriesTests.framework in Frameworks */ = {isa = PBXBuildFile; fileRef = 166F56A66D341B845B6C87F4 /* Pods_NYTimesTopStoriesTests.framework */; };
		6484EE4C1A56B3ECEB072480 /* Pods_NYTimesTopStories.framework in Frameworks */ = {isa = PBXBuildFile; fileRef = 142320A15DA50F327E1D9FEB /* Pods_NYTimesTopStories.framework */; };
/* End PBXBuildFile section */

/* Begin PBXContainerItemProxy section */
		217772461FBB9E9A000BDCCE /* PBXContainerItemProxy */ = {
			isa = PBXContainerItemProxy;
			containerPortal = 217772291FBB9E9A000BDCCE /* Project object */;
			proxyType = 1;
			remoteGlobalIDString = 217772301FBB9E9A000BDCCE;
			remoteInfo = NYTimesTopStories;
		};
/* End PBXContainerItemProxy section */

/* Begin PBXFileReference section */
		142320A15DA50F327E1D9FEB /* Pods_NYTimesTopStories.framework */ = {isa = PBXFileReference; explicitFileType = wrapper.framework; includeInIndex = 0; path = Pods_NYTimesTopStories.framework; sourceTree = BUILT_PRODUCTS_DIR; };
		166F56A66D341B845B6C87F4 /* Pods_NYTimesTopStoriesTests.framework */ = {isa = PBXFileReference; explicitFileType = wrapper.framework; includeInIndex = 0; path = Pods_NYTimesTopStoriesTests.framework; sourceTree = BUILT_PRODUCTS_DIR; };
		210063C91FBBDDFA006001B8 /* Base */ = {isa = PBXFileReference; lastKnownFileType = file.storyboard; name = Base; path = Base.lproj/LaunchScreen.storyboard; sourceTree = "<group>"; };
		210063CA1FBBDEE1006001B8 /* NYT.json */ = {isa = PBXFileReference; lastKnownFileType = text.json; path = NYT.json; sourceTree = "<group>"; };
		210063CD1FBBE226006001B8 /* TopStoriesDataSource.swift */ = {isa = PBXFileReference; lastKnownFileType = sourcecode.swift; path = TopStoriesDataSource.swift; sourceTree = "<group>"; };
		2170E8B81FBC39400043A4F9 /* ConcurrentOperation.swift */ = {isa = PBXFileReference; lastKnownFileType = sourcecode.swift; path = ConcurrentOperation.swift; sourceTree = "<group>"; };
		2170E8B91FBC39400043A4F9 /* ImageCache.swift */ = {isa = PBXFileReference; lastKnownFileType = sourcecode.swift; path = ImageCache.swift; sourceTree = "<group>"; };
		2170E8BA1FBC39400043A4F9 /* ImageDownloader.swift */ = {isa = PBXFileReference; lastKnownFileType = sourcecode.swift; path = ImageDownloader.swift; sourceTree = "<group>"; };
		2170E8BE1FBC43600043A4F9 /* TopStoriesOperation.swift */ = {isa = PBXFileReference; lastKnownFileType = sourcecode.swift; path = TopStoriesOperation.swift; sourceTree = "<group>"; };
		2170E8C01FBC55780043A4F9 /* CollectionViewCell.swift */ = {isa = PBXFileReference; lastKnownFileType = sourcecode.swift; path = CollectionViewCell.swift; sourceTree = "<group>"; };
		217772311FBB9E9A000BDCCE /* NYTimesTopStories.app */ = {isa = PBXFileReference; explicitFileType = wrapper.application; includeInIndex = 0; path = NYTimesTopStories.app; sourceTree = BUILT_PRODUCTS_DIR; };
		217772341FBB9E9A000BDCCE /* AppDelegate.swift */ = {isa = PBXFileReference; lastKnownFileType = sourcecode.swift; path = AppDelegate.swift; sourceTree = "<group>"; };
		217772361FBB9E9A000BDCCE /* ViewController.swift */ = {isa = PBXFileReference; lastKnownFileType = sourcecode.swift; path = ViewController.swift; sourceTree = "<group>"; };
		217772391FBB9E9A000BDCCE /* Base */ = {isa = PBXFileReference; lastKnownFileType = file.storyboard; name = Base; path = Base.lproj/Main.storyboard; sourceTree = "<group>"; };
		2177723B1FBB9E9A000BDCCE /* Assets.xcassets */ = {isa = PBXFileReference; lastKnownFileType = folder.assetcatalog; path = Assets.xcassets; sourceTree = "<group>"; };
		217772401FBB9E9A000BDCCE /* Info.plist */ = {isa = PBXFileReference; lastKnownFileType = text.plist.xml; path = Info.plist; sourceTree = "<group>"; };
		217772451FBB9E9A000BDCCE /* NYTimesTopStoriesTests.xctest */ = {isa = PBXFileReference; explicitFileType = wrapper.cfbundle; includeInIndex = 0; path = NYTimesTopStoriesTests.xctest; sourceTree = BUILT_PRODUCTS_DIR; };
		217772491FBB9E9A000BDCCE /* NYTimesTopStoriesTests.swift */ = {isa = PBXFileReference; lastKnownFileType = sourcecode.swift; path = NYTimesTopStoriesTests.swift; sourceTree = "<group>"; };
		2177724B1FBB9E9A000BDCCE /* Info.plist */ = {isa = PBXFileReference; lastKnownFileType = text.plist.xml; path = Info.plist; sourceTree = "<group>"; };
		217772541FBB9FA7000BDCCE /* Story.swift */ = {isa = PBXFileReference; lastKnownFileType = sourcecode.swift; path = Story.swift; sourceTree = "<group>"; };
		342BF3007B4C58C9E5051ABE /* Pods-NYTimesTopStories.debug.xcconfig */ = {isa = PBXFileReference; includeInIndex = 1; lastKnownFileType = text.xcconfig; name = "Pods-NYTimesTopStories.debug.xcconfig"; path = "Pods/Target Support Files/Pods-NYTimesTopStories/Pods-NYTimesTopStories.debug.xcconfig"; sourceTree = "<group>"; };
		9596F5C7B2B92C996A91E567 /* Pods-NYTimesTopStories.release.xcconfig */ = {isa = PBXFileReference; includeInIndex = 1; lastKnownFileType = text.xcconfig; name = "Pods-NYTimesTopStories.release.xcconfig"; path = "Pods/Target Support Files/Pods-NYTimesTopStories/Pods-NYTimesTopStories.release.xcconfig"; sourceTree = "<group>"; };
		D8A9EC6CD43E53D800BCDD01 /* Pods-NYTimesTopStoriesTests.debug.xcconfig */ = {isa = PBXFileReference; includeInIndex = 1; lastKnownFileType = text.xcconfig; name = "Pods-NYTimesTopStoriesTests.debug.xcconfig"; path = "Pods/Target Support Files/Pods-NYTimesTopStoriesTests/Pods-NYTimesTopStoriesTests.debug.xcconfig"; sourceTree = "<group>"; };
		EE760E4E7BE99ED84A1419B9 /* Pods-NYTimesTopStoriesTests.release.xcconfig */ = {isa = PBXFileReference; includeInIndex = 1; lastKnownFileType = text.xcconfig; name = "Pods-NYTimesTopStoriesTests.release.xcconfig"; path = "Pods/Target Support Files/Pods-NYTimesTopStoriesTests/Pods-NYTimesTopStoriesTests.release.xcconfig"; sourceTree = "<group>"; };
/* End PBXFileReference section */

/* Begin PBXFrameworksBuildPhase section */
		2177722E1FBB9E9A000BDCCE /* Frameworks */ = {
			isa = PBXFrameworksBuildPhase;
			buildActionMask = 2147483647;
			files = (
				6484EE4C1A56B3ECEB072480 /* Pods_NYTimesTopStories.framework in Frameworks */,
			);
			runOnlyForDeploymentPostprocessing = 0;
		};
		217772421FBB9E9A000BDCCE /* Frameworks */ = {
			isa = PBXFrameworksBuildPhase;
			buildActionMask = 2147483647;
			files = (
				42932543B722F4A37A76C65C /* Pods_NYTimesTopStoriesTests.framework in Frameworks */,
			);
			runOnlyForDeploymentPostprocessing = 0;
		};
/* End PBXFrameworksBuildPhase section */

/* Begin PBXGroup section */
		05E0E9EF2CCDB78AE8D03C20 /* Frameworks */ = {
			isa = PBXGroup;
			children = (
				142320A15DA50F327E1D9FEB /* Pods_NYTimesTopStories.framework */,
				166F56A66D341B845B6C87F4 /* Pods_NYTimesTopStoriesTests.framework */,
			);
			name = Frameworks;
			sourceTree = "<group>";
		};
		210063CC1FBBE1F8006001B8 /* Services */ = {
			isa = PBXGroup;
			children = (
				210063CD1FBBE226006001B8 /* TopStoriesDataSource.swift */,
				2170E8B81FBC39400043A4F9 /* ConcurrentOperation.swift */,
				2170E8BE1FBC43600043A4F9 /* TopStoriesOperation.swift */,
				2170E8B91FBC39400043A4F9 /* ImageCache.swift */,
				2170E8BA1FBC39400043A4F9 /* ImageDownloader.swift */,
			);
			path = Services;
			sourceTree = "<group>";
		};
		212A38301FBBD50B0058FE65 /* Models */ = {
			isa = PBXGroup;
			children = (
				217772541FBB9FA7000BDCCE /* Story.swift */,
			);
			path = Models;
			sourceTree = "<group>";
		};
		212A38321FBBD5290058FE65 /* Views */ = {
			isa = PBXGroup;
			children = (
				217772361FBB9E9A000BDCCE /* ViewController.swift */,
				2170E8C01FBC55780043A4F9 /* CollectionViewCell.swift */,
				217772381FBB9E9A000BDCCE /* Main.storyboard */,
				210063C81FBBDDFA006001B8 /* LaunchScreen.storyboard */,
			);
			path = Views;
			sourceTree = "<group>";
		};
		217772281FBB9E9A000BDCCE = {
			isa = PBXGroup;
			children = (
				217772331FBB9E9A000BDCCE /* NYTimesTopStories */,
				217772481FBB9E9A000BDCCE /* NYTimesTopStoriesTests */,
				217772321FBB9E9A000BDCCE /* Products */,
				3DB16C2EC5B6B6C67AB17599 /* Pods */,
				05E0E9EF2CCDB78AE8D03C20 /* Frameworks */,
			);
			sourceTree = "<group>";
		};
		217772321FBB9E9A000BDCCE /* Products */ = {
			isa = PBXGroup;
			children = (
				217772311FBB9E9A000BDCCE /* NYTimesTopStories.app */,
				217772451FBB9E9A000BDCCE /* NYTimesTopStoriesTests.xctest */,
			);
			name = Products;
			sourceTree = "<group>";
		};
		217772331FBB9E9A000BDCCE /* NYTimesTopStories */ = {
			isa = PBXGroup;
			children = (
				217772341FBB9E9A000BDCCE /* AppDelegate.swift */,
				212A38321FBBD5290058FE65 /* Views */,
				210063CC1FBBE1F8006001B8 /* Services */,
				212A38301FBBD50B0058FE65 /* Models */,
				2177723B1FBB9E9A000BDCCE /* Assets.xcassets */,
				217772401FBB9E9A000BDCCE /* Info.plist */,
				210063CA1FBBDEE1006001B8 /* NYT.json */,
			);
			path = NYTimesTopStories;
			sourceTree = "<group>";
		};
		217772481FBB9E9A000BDCCE /* NYTimesTopStoriesTests */ = {
			isa = PBXGroup;
			children = (
				217772491FBB9E9A000BDCCE /* NYTimesTopStoriesTests.swift */,
				2177724B1FBB9E9A000BDCCE /* Info.plist */,
			);
			path = NYTimesTopStoriesTests;
			sourceTree = "<group>";
		};
		3DB16C2EC5B6B6C67AB17599 /* Pods */ = {
			isa = PBXGroup;
			children = (
				342BF3007B4C58C9E5051ABE /* Pods-NYTimesTopStories.debug.xcconfig */,
				9596F5C7B2B92C996A91E567 /* Pods-NYTimesTopStories.release.xcconfig */,
				D8A9EC6CD43E53D800BCDD01 /* Pods-NYTimesTopStoriesTests.debug.xcconfig */,
				EE760E4E7BE99ED84A1419B9 /* Pods-NYTimesTopStoriesTests.release.xcconfig */,
			);
			name = Pods;
			sourceTree = "<group>";
		};
/* End PBXGroup section */

/* Begin PBXNativeTarget section */
		217772301FBB9E9A000BDCCE /* NYTimesTopStories */ = {
			isa = PBXNativeTarget;
			buildConfigurationList = 2177724E1FBB9E9A000BDCCE /* Build configuration list for PBXNativeTarget "NYTimesTopStories" */;
			buildPhases = (
				1DBA7C930758E9C2E4F23D0A /* [CP] Check Pods Manifest.lock */,
				2177722D1FBB9E9A000BDCCE /* Sources */,
				2177722E1FBB9E9A000BDCCE /* Frameworks */,
				2177722F1FBB9E9A000BDCCE /* Resources */,
				7BA6A0F49F87C59A1273D877 /* [CP] Embed Pods Frameworks */,
				4637E514B2E63E657F4D8EE7 /* [CP] Copy Pods Resources */,
			);
			buildRules = (
			);
			dependencies = (
			);
			name = NYTimesTopStories;
			productName = NYTimesTopStories;
			productReference = 217772311FBB9E9A000BDCCE /* NYTimesTopStories.app */;
			productType = "com.apple.product-type.application";
		};
		217772441FBB9E9A000BDCCE /* NYTimesTopStoriesTests */ = {
			isa = PBXNativeTarget;
			buildConfigurationList = 217772511FBB9E9A000BDCCE /* Build configuration list for PBXNativeTarget "NYTimesTopStoriesTests" */;
			buildPhases = (
				23F250B4A6B50B3893242668 /* [CP] Check Pods Manifest.lock */,
				217772411FBB9E9A000BDCCE /* Sources */,
				217772421FBB9E9A000BDCCE /* Frameworks */,
				217772431FBB9E9A000BDCCE /* Resources */,
				A2A14186FA6B15D8180B8B5E /* [CP] Embed Pods Frameworks */,
				559E8D2DD9FB3E24A875295F /* [CP] Copy Pods Resources */,
			);
			buildRules = (
			);
			dependencies = (
				217772471FBB9E9A000BDCCE /* PBXTargetDependency */,
			);
			name = NYTimesTopStoriesTests;
			productName = NYTimesTopStoriesTests;
			productReference = 217772451FBB9E9A000BDCCE /* NYTimesTopStoriesTests.xctest */;
			productType = "com.apple.product-type.bundle.unit-test";
		};
/* End PBXNativeTarget section */

/* Begin PBXProject section */
		217772291FBB9E9A000BDCCE /* Project object */ = {
			isa = PBXProject;
			attributes = {
				LastSwiftUpdateCheck = 0900;
				LastUpgradeCheck = 0900;
				ORGANIZATIONNAME = "Emma Steimann";
				TargetAttributes = {
					217772301FBB9E9A000BDCCE = {
						CreatedOnToolsVersion = 9.0;
						ProvisioningStyle = Automatic;
					};
					217772441FBB9E9A000BDCCE = {
						CreatedOnToolsVersion = 9.0;
						ProvisioningStyle = Automatic;
						TestTargetID = 217772301FBB9E9A000BDCCE;
					};
				};
			};
			buildConfigurationList = 2177722C1FBB9E9A000BDCCE /* Build configuration list for PBXProject "NYTimesTopStories" */;
			compatibilityVersion = "Xcode 8.0";
			developmentRegion = en;
			hasScannedForEncodings = 0;
			knownRegions = (
				en,
				Base,
			);
			mainGroup = 217772281FBB9E9A000BDCCE;
			productRefGroup = 217772321FBB9E9A000BDCCE /* Products */;
			projectDirPath = "";
			projectRoot = "";
			targets = (
				217772301FBB9E9A000BDCCE /* NYTimesTopStories */,
				217772441FBB9E9A000BDCCE /* NYTimesTopStoriesTests */,
			);
		};
/* End PBXProject section */

/* Begin PBXResourcesBuildPhase section */
		2177722F1FBB9E9A000BDCCE /* Resources */ = {
			isa = PBXResourcesBuildPhase;
			buildActionMask = 2147483647;
			files = (
				210063CB1FBBDEE1006001B8 /* NYT.json in Resources */,
				2177723C1FBB9E9A000BDCCE /* Assets.xcassets in Resources */,
				2177723A1FBB9E9A000BDCCE /* Main.storyboard in Resources */,
			);
			runOnlyForDeploymentPostprocessing = 0;
		};
		217772431FBB9E9A000BDCCE /* Resources */ = {
			isa = PBXResourcesBuildPhase;
			buildActionMask = 2147483647;
			files = (
			);
			runOnlyForDeploymentPostprocessing = 0;
		};
/* End PBXResourcesBuildPhase section */

/* Begin PBXShellScriptBuildPhase section */
		1DBA7C930758E9C2E4F23D0A /* [CP] Check Pods Manifest.lock */ = {
			isa = PBXShellScriptBuildPhase;
			buildActionMask = 2147483647;
			files = (
			);
			inputPaths = (
				"${PODS_PODFILE_DIR_PATH}/Podfile.lock",
				"${PODS_ROOT}/Manifest.lock",
			);
			name = "[CP] Check Pods Manifest.lock";
			outputPaths = (
				"$(DERIVED_FILE_DIR)/Pods-NYTimesTopStories-checkManifestLockResult.txt",
			);
			runOnlyForDeploymentPostprocessing = 0;
			shellPath = /bin/sh;
			shellScript = "diff \"${PODS_PODFILE_DIR_PATH}/Podfile.lock\" \"${PODS_ROOT}/Manifest.lock\" > /dev/null\nif [ $? != 0 ] ; then\n    # print error to STDERR\n    echo \"error: The sandbox is not in sync with the Podfile.lock. Run 'pod install' or update your CocoaPods installation.\" >&2\n    exit 1\nfi\n# This output is used by Xcode 'outputs' to avoid re-running this script phase.\necho \"SUCCESS\" > \"${SCRIPT_OUTPUT_FILE_0}\"\n";
			showEnvVarsInLog = 0;
		};
		23F250B4A6B50B3893242668 /* [CP] Check Pods Manifest.lock */ = {
			isa = PBXShellScriptBuildPhase;
			buildActionMask = 2147483647;
			files = (
			);
			inputPaths = (
				"${PODS_PODFILE_DIR_PATH}/Podfile.lock",
				"${PODS_ROOT}/Manifest.lock",
			);
			name = "[CP] Check Pods Manifest.lock";
			outputPaths = (
				"$(DERIVED_FILE_DIR)/Pods-NYTimesTopStoriesTests-checkManifestLockResult.txt",
			);
			runOnlyForDeploymentPostprocessing = 0;
			shellPath = /bin/sh;
			shellScript = "diff \"${PODS_PODFILE_DIR_PATH}/Podfile.lock\" \"${PODS_ROOT}/Manifest.lock\" > /dev/null\nif [ $? != 0 ] ; then\n    # print error to STDERR\n    echo \"error: The sandbox is not in sync with the Podfile.lock. Run 'pod install' or update your CocoaPods installation.\" >&2\n    exit 1\nfi\n# This output is used by Xcode 'outputs' to avoid re-running this script phase.\necho \"SUCCESS\" > \"${SCRIPT_OUTPUT_FILE_0}\"\n";
			showEnvVarsInLog = 0;
		};
		4637E514B2E63E657F4D8EE7 /* [CP] Copy Pods Resources */ = {
			isa = PBXShellScriptBuildPhase;
			buildActionMask = 2147483647;
			files = (
			);
			inputPaths = (
			);
			name = "[CP] Copy Pods Resources";
			outputPaths = (
			);
			runOnlyForDeploymentPostprocessing = 0;
			shellPath = /bin/sh;
			shellScript = "\"${SRCROOT}/Pods/Target Support Files/Pods-NYTimesTopStories/Pods-NYTimesTopStories-resources.sh\"\n";
			showEnvVarsInLog = 0;
		};
		559E8D2DD9FB3E24A875295F /* [CP] Copy Pods Resources */ = {
			isa = PBXShellScriptBuildPhase;
			buildActionMask = 2147483647;
			files = (
			);
			inputPaths = (
			);
			name = "[CP] Copy Pods Resources";
			outputPaths = (
			);
			runOnlyForDeploymentPostprocessing = 0;
			shellPath = /bin/sh;
			shellScript = "\"${SRCROOT}/Pods/Target Support Files/Pods-NYTimesTopStoriesTests/Pods-NYTimesTopStoriesTests-resources.sh\"\n";
			showEnvVarsInLog = 0;
		};
		7BA6A0F49F87C59A1273D877 /* [CP] Embed Pods Frameworks */ = {
			isa = PBXShellScriptBuildPhase;
			buildActionMask = 2147483647;
			files = (
			);
			inputPaths = (
				"${SRCROOT}/Pods/Target Support Files/Pods-NYTimesTopStories/Pods-NYTimesTopStories-frameworks.sh",
				"${BUILT_PRODUCTS_DIR}/Alamofire/Alamofire.framework",
				"${BUILT_PRODUCTS_DIR}/MarqueeLabel/MarqueeLabel.framework",
				"${BUILT_PRODUCTS_DIR}/SnapKit/SnapKit.framework",
				"${BUILT_PRODUCTS_DIR}/SwiftyJSON/SwiftyJSON.framework",
			);
			name = "[CP] Embed Pods Frameworks";
			outputPaths = (
				"${TARGET_BUILD_DIR}/${FRAMEWORKS_FOLDER_PATH}/Alamofire.framework",
				"${TARGET_BUILD_DIR}/${FRAMEWORKS_FOLDER_PATH}/MarqueeLabel.framework",
				"${TARGET_BUILD_DIR}/${FRAMEWORKS_FOLDER_PATH}/SnapKit.framework",
				"${TARGET_BUILD_DIR}/${FRAMEWORKS_FOLDER_PATH}/SwiftyJSON.framework",
			);
			runOnlyForDeploymentPostprocessing = 0;
			shellPath = /bin/sh;
			shellScript = "\"${SRCROOT}/Pods/Target Support Files/Pods-NYTimesTopStories/Pods-NYTimesTopStories-frameworks.sh\"\n";
			showEnvVarsInLog = 0;
		};
		A2A14186FA6B15D8180B8B5E /* [CP] Embed Pods Frameworks */ = {
			isa = PBXShellScriptBuildPhase;
			buildActionMask = 2147483647;
			files = (
			);
			inputPaths = (
				"${SRCROOT}/Pods/Target Support Files/Pods-NYTimesTopStoriesTests/Pods-NYTimesTopStoriesTests-frameworks.sh",
				"${BUILT_PRODUCTS_DIR}/Nimble/Nimble.framework",
				"${BUILT_PRODUCTS_DIR}/Quick/Quick.framework",
			);
			name = "[CP] Embed Pods Frameworks";
			outputPaths = (
				"${TARGET_BUILD_DIR}/${FRAMEWORKS_FOLDER_PATH}/Nimble.framework",
				"${TARGET_BUILD_DIR}/${FRAMEWORKS_FOLDER_PATH}/Quick.framework",
			);
			runOnlyForDeploymentPostprocessing = 0;
			shellPath = /bin/sh;
			shellScript = "\"${SRCROOT}/Pods/Target Support Files/Pods-NYTimesTopStoriesTests/Pods-NYTimesTopStoriesTests-frameworks.sh\"\n";
			showEnvVarsInLog = 0;
		};
/* End PBXShellScriptBuildPhase section */

/* Begin PBXSourcesBuildPhase section */
		2177722D1FBB9E9A000BDCCE /* Sources */ = {
			isa = PBXSourcesBuildPhase;
			buildActionMask = 2147483647;
			files = (
				2170E8BC1FBC39400043A4F9 /* ImageCache.swift in Sources */,
				2170E8BF1FBC43600043A4F9 /* TopStoriesOperation.swift in Sources */,
				2170E8C21FBC55780043A4F9 /* CollectionViewCell.swift in Sources */,
				217772371FBB9E9A000BDCCE /* ViewController.swift in Sources */,
				2170E8BD1FBC39400043A4F9 /* ImageDownloader.swift in Sources */,
				217772551FBB9FA7000BDCCE /* Story.swift in Sources */,
				2170E8BB1FBC39400043A4F9 /* ConcurrentOperation.swift in Sources */,
				217772351FBB9E9A000BDCCE /* AppDelegate.swift in Sources */,
				210063CE1FBBE226006001B8 /* TopStoriesDataSource.swift in Sources */,
			);
			runOnlyForDeploymentPostprocessing = 0;
		};
		217772411FBB9E9A000BDCCE /* Sources */ = {
			isa = PBXSourcesBuildPhase;
			buildActionMask = 2147483647;
			files = (
				2177724A1FBB9E9A000BDCCE /* NYTimesTopStoriesTests.swift in Sources */,
			);
			runOnlyForDeploymentPostprocessing = 0;
		};
/* End PBXSourcesBuildPhase section */

/* Begin PBXTargetDependency section */
		217772471FBB9E9A000BDCCE /* PBXTargetDependency */ = {
			isa = PBXTargetDependency;
			target = 217772301FBB9E9A000BDCCE /* NYTimesTopStories */;
			targetProxy = 217772461FBB9E9A000BDCCE /* PBXContainerItemProxy */;
		};
/* End PBXTargetDependency section */

/* Begin PBXVariantGroup section */
		210063C81FBBDDFA006001B8 /* LaunchScreen.storyboard */ = {
			isa = PBXVariantGroup;
			children = (
				210063C91FBBDDFA006001B8 /* Base */,
			);
			name = LaunchScreen.storyboard;
			sourceTree = "<group>";
		};
		217772381FBB9E9A000BDCCE /* Main.storyboard */ = {
			isa = PBXVariantGroup;
			children = (
				217772391FBB9E9A000BDCCE /* Base */,
			);
			name = Main.storyboard;
			sourceTree = "<group>";
		};
/* End PBXVariantGroup section */

/* Begin XCBuildConfiguration section */
		2177724C1FBB9E9A000BDCCE /* Debug */ = {
			isa = XCBuildConfiguration;
			buildSettings = {
				ALWAYS_SEARCH_USER_PATHS = NO;
				CLANG_ANALYZER_NONNULL = YES;
				CLANG_ANALYZER_NUMBER_OBJECT_CONVERSION = YES_AGGRESSIVE;
				CLANG_CXX_LANGUAGE_STANDARD = "gnu++14";
				CLANG_CXX_LIBRARY = "libc++";
				CLANG_ENABLE_MODULES = YES;
				CLANG_ENABLE_OBJC_ARC = YES;
				CLANG_WARN_BLOCK_CAPTURE_AUTORELEASING = YES;
				CLANG_WARN_BOOL_CONVERSION = YES;
				CLANG_WARN_COMMA = YES;
				CLANG_WARN_CONSTANT_CONVERSION = YES;
				CLANG_WARN_DIRECT_OBJC_ISA_USAGE = YES_ERROR;
				CLANG_WARN_DOCUMENTATION_COMMENTS = YES;
				CLANG_WARN_EMPTY_BODY = YES;
				CLANG_WARN_ENUM_CONVERSION = YES;
				CLANG_WARN_INFINITE_RECURSION = YES;
				CLANG_WARN_INT_CONVERSION = YES;
				CLANG_WARN_NON_LITERAL_NULL_CONVERSION = YES;
				CLANG_WARN_OBJC_LITERAL_CONVERSION = YES;
				CLANG_WARN_OBJC_ROOT_CLASS = YES_ERROR;
				CLANG_WARN_RANGE_LOOP_ANALYSIS = YES;
				CLANG_WARN_STRICT_PROTOTYPES = YES;
				CLANG_WARN_SUSPICIOUS_MOVE = YES;
				CLANG_WARN_UNGUARDED_AVAILABILITY = YES_AGGRESSIVE;
				CLANG_WARN_UNREACHABLE_CODE = YES;
				CLANG_WARN__DUPLICATE_METHOD_MATCH = YES;
				CODE_SIGN_IDENTITY = "iPhone Developer";
				COPY_PHASE_STRIP = NO;
				DEBUG_INFORMATION_FORMAT = dwarf;
				ENABLE_STRICT_OBJC_MSGSEND = YES;
				ENABLE_TESTABILITY = YES;
				GCC_C_LANGUAGE_STANDARD = gnu11;
				GCC_DYNAMIC_NO_PIC = NO;
				GCC_NO_COMMON_BLOCKS = YES;
				GCC_OPTIMIZATION_LEVEL = 0;
				GCC_PREPROCESSOR_DEFINITIONS = (
					"DEBUG=1",
					"$(inherited)",
				);
				GCC_WARN_64_TO_32_BIT_CONVERSION = YES;
				GCC_WARN_ABOUT_RETURN_TYPE = YES_ERROR;
				GCC_WARN_UNDECLARED_SELECTOR = YES;
				GCC_WARN_UNINITIALIZED_AUTOS = YES_AGGRESSIVE;
				GCC_WARN_UNUSED_FUNCTION = YES;
				GCC_WARN_UNUSED_VARIABLE = YES;
				IPHONEOS_DEPLOYMENT_TARGET = 10.0;
				MTL_ENABLE_DEBUG_INFO = YES;
				ONLY_ACTIVE_ARCH = YES;
				SDKROOT = iphoneos;
				SWIFT_ACTIVE_COMPILATION_CONDITIONS = DEBUG;
				SWIFT_OPTIMIZATION_LEVEL = "-Onone";
			};
			name = Debug;
		};
		2177724D1FBB9E9A000BDCCE /* Release */ = {
			isa = XCBuildConfiguration;
			buildSettings = {
				ALWAYS_SEARCH_USER_PATHS = NO;
				CLANG_ANALYZER_NONNULL = YES;
				CLANG_ANALYZER_NUMBER_OBJECT_CONVERSION = YES_AGGRESSIVE;
				CLANG_CXX_LANGUAGE_STANDARD = "gnu++14";
				CLANG_CXX_LIBRARY = "libc++";
				CLANG_ENABLE_MODULES = YES;
				CLANG_ENABLE_OBJC_ARC = YES;
				CLANG_WARN_BLOCK_CAPTURE_AUTORELEASING = YES;
				CLANG_WARN_BOOL_CONVERSION = YES;
				CLANG_WARN_COMMA = YES;
				CLANG_WARN_CONSTANT_CONVERSION = YES;
				CLANG_WARN_DIRECT_OBJC_ISA_USAGE = YES_ERROR;
				CLANG_WARN_DOCUMENTATION_COMMENTS = YES;
				CLANG_WARN_EMPTY_BODY = YES;
				CLANG_WARN_ENUM_CONVERSION = YES;
				CLANG_WARN_INFINITE_RECURSION = YES;
				CLANG_WARN_INT_CONVERSION = YES;
				CLANG_WARN_NON_LITERAL_NULL_CONVERSION = YES;
				CLANG_WARN_OBJC_LITERAL_CONVERSION = YES;
				CLANG_WARN_OBJC_ROOT_CLASS = YES_ERROR;
				CLANG_WARN_RANGE_LOOP_ANALYSIS = YES;
				CLANG_WARN_STRICT_PROTOTYPES = YES;
				CLANG_WARN_SUSPICIOUS_MOVE = YES;
				CLANG_WARN_UNGUARDED_AVAILABILITY = YES_AGGRESSIVE;
				CLANG_WARN_UNREACHABLE_CODE = YES;
				CLANG_WARN__DUPLICATE_METHOD_MATCH = YES;
				CODE_SIGN_IDENTITY = "iPhone Developer";
				COPY_PHASE_STRIP = NO;
				DEBUG_INFORMATION_FORMAT = "dwarf-with-dsym";
				ENABLE_NS_ASSERTIONS = NO;
				ENABLE_STRICT_OBJC_MSGSEND = YES;
				GCC_C_LANGUAGE_STANDARD = gnu11;
				GCC_NO_COMMON_BLOCKS = YES;
				GCC_WARN_64_TO_32_BIT_CONVERSION = YES;
				GCC_WARN_ABOUT_RETURN_TYPE = YES_ERROR;
				GCC_WARN_UNDECLARED_SELECTOR = YES;
				GCC_WARN_UNINITIALIZED_AUTOS = YES_AGGRESSIVE;
				GCC_WARN_UNUSED_FUNCTION = YES;
				GCC_WARN_UNUSED_VARIABLE = YES;
				IPHONEOS_DEPLOYMENT_TARGET = 10.0;
				MTL_ENABLE_DEBUG_INFO = NO;
				SDKROOT = iphoneos;
				SWIFT_OPTIMIZATION_LEVEL = "-Owholemodule";
				VALIDATE_PRODUCT = YES;
			};
			name = Release;
		};
		2177724F1FBB9E9A000BDCCE /* Debug */ = {
			isa = XCBuildConfiguration;
			baseConfigurationReference = 342BF3007B4C58C9E5051ABE /* Pods-NYTimesTopStories.debug.xcconfig */;
			buildSettings = {
				ASSETCATALOG_COMPILER_APPICON_NAME = AppIcon;
				CODE_SIGN_STYLE = Automatic;
				INFOPLIST_FILE = NYTimesTopStories/Info.plist;
				LD_RUNPATH_SEARCH_PATHS = "$(inherited) @executable_path/Frameworks";
				PRODUCT_BUNDLE_IDENTIFIER = com.emmasteimann.NYTimesTopStories;
				PRODUCT_NAME = "$(TARGET_NAME)";
				SWIFT_VERSION = 4.0;
				TARGETED_DEVICE_FAMILY = "1,2";
			};
			name = Debug;
		};
		217772501FBB9E9A000BDCCE /* Release */ = {
			isa = XCBuildConfiguration;
			baseConfigurationReference = 9596F5C7B2B92C996A91E567 /* Pods-NYTimesTopStories.release.xcconfig */;
			buildSettings = {
				ASSETCATALOG_COMPILER_APPICON_NAME = AppIcon;
				CODE_SIGN_STYLE = Automatic;
				INFOPLIST_FILE = NYTimesTopStories/Info.plist;
				LD_RUNPATH_SEARCH_PATHS = "$(inherited) @executable_path/Frameworks";
				PRODUCT_BUNDLE_IDENTIFIER = com.emmasteimann.NYTimesTopStories;
				PRODUCT_NAME = "$(TARGET_NAME)";
				SWIFT_VERSION = 4.0;
				TARGETED_DEVICE_FAMILY = "1,2";
			};
			name = Release;
		};
		217772521FBB9E9A000BDCCE /* Debug */ = {
			isa = XCBuildConfiguration;
			baseConfigurationReference = D8A9EC6CD43E53D800BCDD01 /* Pods-NYTimesTopStoriesTests.debug.xcconfig */;
			buildSettings = {
				ALWAYS_EMBED_SWIFT_STANDARD_LIBRARIES = YES;
				BUNDLE_LOADER = "$(TEST_HOST)";
				CODE_SIGN_STYLE = Automatic;
				INFOPLIST_FILE = NYTimesTopStoriesTests/Info.plist;
				LD_RUNPATH_SEARCH_PATHS = "$(inherited) @executable_path/Frameworks @loader_path/Frameworks";
				PRODUCT_BUNDLE_IDENTIFIER = com.emmasteimann.NYTimesTopStoriesTests;
				PRODUCT_NAME = "$(TARGET_NAME)";
				SWIFT_VERSION = 4.0;
				TARGETED_DEVICE_FAMILY = "1,2";
				TEST_HOST = "$(BUILT_PRODUCTS_DIR)/NYTimesTopStories.app/NYTimesTopStories";
			};
			name = Debug;
		};
		217772531FBB9E9A000BDCCE /* Release */ = {
			isa = XCBuildConfiguration;
			baseConfigurationReference = EE760E4E7BE99ED84A1419B9 /* Pods-NYTimesTopStoriesTests.release.xcconfig */;
			buildSettings = {
				ALWAYS_EMBED_SWIFT_STANDARD_LIBRARIES = YES;
				BUNDLE_LOADER = "$(TEST_HOST)";
				CODE_SIGN_STYLE = Automatic;
				INFOPLIST_FILE = NYTimesTopStoriesTests/Info.plist;
				LD_RUNPATH_SEARCH_PATHS = "$(inherited) @executable_path/Frameworks @loader_path/Frameworks";
				PRODUCT_BUNDLE_IDENTIFIER = com.emmasteimann.NYTimesTopStoriesTests;
				PRODUCT_NAME = "$(TARGET_NAME)";
				SWIFT_VERSION = 4.0;
				TARGETED_DEVICE_FAMILY = "1,2";
				TEST_HOST = "$(BUILT_PRODUCTS_DIR)/NYTimesTopStories.app/NYTimesTopStories";
			};
			name = Release;
		};
/* End XCBuildConfiguration section */

/* Begin XCConfigurationList section */
		2177722C1FBB9E9A000BDCCE /* Build configuration list for PBXProject "NYTimesTopStories" */ = {
			isa = XCConfigurationList;
			buildConfigurations = (
				2177724C1FBB9E9A000BDCCE /* Debug */,
				2177724D1FBB9E9A000BDCCE /* Release */,
			);
			defaultConfigurationIsVisible = 0;
			defaultConfigurationName = Release;
		};
		2177724E1FBB9E9A000BDCCE /* Build configuration list for PBXNativeTarget "NYTimesTopStories" */ = {
			isa = XCConfigurationList;
			buildConfigurations = (
				2177724F1FBB9E9A000BDCCE /* Debug */,
				217772501FBB9E9A000BDCCE /* Release */,
			);
			defaultConfigurationIsVisible = 0;
			defaultConfigurationName = Release;
		};
		217772511FBB9E9A000BDCCE /* Build configuration list for PBXNativeTarget "NYTimesTopStoriesTests" */ = {
			isa = XCConfigurationList;
			buildConfigurations = (
				217772521FBB9E9A000BDCCE /* Debug */,
				217772531FBB9E9A000BDCCE /* Release */,
			);
			defaultConfigurationIsVisible = 0;
			defaultConfigurationName = Release;
		};
/* End XCConfigurationList section */
	};
	rootObject = 217772291FBB9E9A000BDCCE /* Project object */;
}
